
Microsoft Visual Studio Solution File, Format Version 12.00
# Visual Studio 15
VisualStudioVersion = 15.0.28307.1062
MinimumVisualStudioVersion = 10.0.40219.1
Project("{FAE04EC0-301F-11D3-BF4B-00C04F79EFBC}") = "Calculator.Android", "Calculator\Calculator.Android\Calculator.Android.csproj", "{BE112C9F-3B96-4A11-8B74-B29550EB82AD}"
EndProject
Project("{FAE04EC0-301F-11D3-BF4B-00C04F79EFBC}") = "Calculator", "Calculator\Calculator\Calculator.csproj", "{1B4F419A-7A40-466B-95E1-57E7BC41A76C}"
EndProject
Global
	GlobalSection(SolutionConfigurationPlatforms) = preSolution
		Debug|Any CPU = Debug|Any CPU
		Release|Any CPU = Release|Any CPU
	EndGlobalSection
	GlobalSection(ProjectConfigurationPlatforms) = postSolution
		{BE112C9F-3B96-4A11-8B74-B29550EB82AD}.Debug|Any CPU.ActiveCfg = Debug|Any CPU
		{BE112C9F-3B96-4A11-8B74-B29550EB82AD}.Debug|Any CPU.Build.0 = Debug|Any CPU
		{BE112C9F-3B96-4A11-8B74-B29550EB82AD}.Debug|Any CPU.Deploy.0 = Debug|Any CPU
		{BE112C9F-3B96-4A11-8B74-B29550EB82AD}.Release|Any CPU.ActiveCfg = Release|Any CPU
		{BE112C9F-3B96-4A11-8B74-B29550EB82AD}.Release|Any CPU.Build.0 = Release|Any CPU
		{BE112C9F-3B96-4A11-8B74-B29550EB82AD}.Release|Any CPU.Deploy.0 = Release|Any CPU
		{1B4F419A-7A40-466B-95E1-57E7BC41A76C}.Debug|Any CPU.ActiveCfg = Debug|Any CPU
		{1B4F419A-7A40-466B-95E1-57E7BC41A76C}.Debug|Any CPU.Build.0 = Debug|Any CPU
		{1B4F419A-7A40-466B-95E1-57E7BC41A76C}.Debug|Any CPU.Deploy.0 = Debug|Any CPU
		{1B4F419A-7A40-466B-95E1-57E7BC41A76C}.Release|Any CPU.ActiveCfg = Release|Any CPU
		{1B4F419A-7A40-466B-95E1-57E7BC41A76C}.Release|Any CPU.Build.0 = Release|Any CPU
		{1B4F419A-7A40-466B-95E1-57E7BC41A76C}.Release|Any CPU.Deploy.0 = Release|Any CPU
	EndGlobalSection
	GlobalSection(SolutionProperties) = preSolution
		HideSolutionNode = FALSE
	EndGlobalSection
	GlobalSection(ExtensibilityGlobals) = postSolution
		SolutionGuid = {8A8C029C-BBFC-4FDA-8145-05A13733C217}
	EndGlobalSection
EndGlobal
