
Microsoft Visual Studio Solution File, Format Version 12.00
# Visual Studio 15
VisualStudioVersion = 15.0.28307.1062
MinimumVisualStudioVersion = 10.0.40219.1
Project("{FAE04EC0-301F-11D3-BF4B-00C04F79EFBC}") = "Kalkulator.Android", "Kalkulator\Kalkulator.Android\Kalkulator.Android.csproj", "{C118F2D3-5C77-4511-9C3D-681D41BD3902}"
EndProject
Project("{FAE04EC0-301F-11D3-BF4B-00C04F79EFBC}") = "Kalkulator.iOS", "Kalkulator\Kalkulator.iOS\Kalkulator.iOS.csproj", "{B8CB8E2F-066D-492A-9907-58A67BEB8460}"
EndProject
Project("{FAE04EC0-301F-11D3-BF4B-00C04F79EFBC}") = "Kalkulator.UWP", "Kalkulator\Kalkulator.UWP\Kalkulator.UWP.csproj", "{A46291FA-2B64-4012-86C4-073E3B893699}"
EndProject
Project("{FAE04EC0-301F-11D3-BF4B-00C04F79EFBC}") = "Kalkulator", "Kalkulator\Kalkulator\Kalkulator.csproj", "{4CB15645-9917-44BC-BFAE-AC0480CDAEF1}"
EndProject
Global
	GlobalSection(SolutionConfigurationPlatforms) = preSolution
		Ad-Hoc|Any CPU = Ad-Hoc|Any CPU
		Ad-Hoc|ARM = Ad-Hoc|ARM
		Ad-Hoc|iPhone = Ad-Hoc|iPhone
		Ad-Hoc|iPhoneSimulator = Ad-Hoc|iPhoneSimulator
		Ad-Hoc|x64 = Ad-Hoc|x64
		Ad-Hoc|x86 = Ad-Hoc|x86
		AppStore|Any CPU = AppStore|Any CPU
		AppStore|ARM = AppStore|ARM
		AppStore|iPhone = AppStore|iPhone
		AppStore|iPhoneSimulator = AppStore|iPhoneSimulator
		AppStore|x64 = AppStore|x64
		AppStore|x86 = AppStore|x86
		Debug|Any CPU = Debug|Any CPU
		Debug|ARM = Debug|ARM
		Debug|iPhone = Debug|iPhone
		Debug|iPhoneSimulator = Debug|iPhoneSimulator
		Debug|x64 = Debug|x64
		Debug|x86 = Debug|x86
		Release|Any CPU = Release|Any CPU
		Release|ARM = Release|ARM
		Release|iPhone = Release|iPhone
		Release|iPhoneSimulator = Release|iPhoneSimulator
		Release|x64 = Release|x64
		Release|x86 = Release|x86
	EndGlobalSection
	GlobalSection(ProjectConfigurationPlatforms) = postSolution
		{C118F2D3-5C77-4511-9C3D-681D41BD3902}.Ad-Hoc|Any CPU.ActiveCfg = Release|Any CPU
		{C118F2D3-5C77-4511-9C3D-681D41BD3902}.Ad-Hoc|Any CPU.Build.0 = Release|Any CPU
		{C118F2D3-5C77-4511-9C3D-681D41BD3902}.Ad-Hoc|Any CPU.Deploy.0 = Release|Any CPU
		{C118F2D3-5C77-4511-9C3D-681D41BD3902}.Ad-Hoc|ARM.ActiveCfg = Release|Any CPU
		{C118F2D3-5C77-4511-9C3D-681D41BD3902}.Ad-Hoc|ARM.Build.0 = Release|Any CPU
		{C118F2D3-5C77-4511-9C3D-681D41BD3902}.Ad-Hoc|ARM.Deploy.0 = Release|Any CPU
		{C118F2D3-5C77-4511-9C3D-681D41BD3902}.Ad-Hoc|iPhone.ActiveCfg = Release|Any CPU
		{C118F2D3-5C77-4511-9C3D-681D41BD3902}.Ad-Hoc|iPhone.Build.0 = Release|Any CPU
		{C118F2D3-5C77-4511-9C3D-681D41BD3902}.Ad-Hoc|iPhone.Deploy.0 = Release|Any CPU
		{C118F2D3-5C77-4511-9C3D-681D41BD3902}.Ad-Hoc|iPhoneSimulator.ActiveCfg = Release|Any CPU
		{C118F2D3-5C77-4511-9C3D-681D41BD3902}.Ad-Hoc|iPhoneSimulator.Build.0 = Release|Any CPU
		{C118F2D3-5C77-4511-9C3D-681D41BD3902}.Ad-Hoc|iPhoneSimulator.Deploy.0 = Release|Any CPU
		{C118F2D3-5C77-4511-9C3D-681D41BD3902}.Ad-Hoc|x64.ActiveCfg = Release|Any CPU
		{C118F2D3-5C77-4511-9C3D-681D41BD3902}.Ad-Hoc|x64.Build.0 = Release|Any CPU
		{C118F2D3-5C77-4511-9C3D-681D41BD3902}.Ad-Hoc|x64.Deploy.0 = Release|Any CPU
		{C118F2D3-5C77-4511-9C3D-681D41BD3902}.Ad-Hoc|x86.ActiveCfg = Release|Any CPU
		{C118F2D3-5C77-4511-9C3D-681D41BD3902}.Ad-Hoc|x86.Build.0 = Release|Any CPU
		{C118F2D3-5C77-4511-9C3D-681D41BD3902}.Ad-Hoc|x86.Deploy.0 = Release|Any CPU
		{C118F2D3-5C77-4511-9C3D-681D41BD3902}.AppStore|Any CPU.ActiveCfg = Release|Any CPU
		{C118F2D3-5C77-4511-9C3D-681D41BD3902}.AppStore|Any CPU.Build.0 = Release|Any CPU
		{C118F2D3-5C77-4511-9C3D-681D41BD3902}.AppStore|Any CPU.Deploy.0 = Release|Any CPU
		{C118F2D3-5C77-4511-9C3D-681D41BD3902}.AppStore|ARM.ActiveCfg = Release|Any CPU
		{C118F2D3-5C77-4511-9C3D-681D41BD3902}.AppStore|ARM.Build.0 = Release|Any CPU
		{C118F2D3-5C77-4511-9C3D-681D41BD3902}.AppStore|ARM.Deploy.0 = Release|Any CPU
		{C118F2D3-5C77-4511-9C3D-681D41BD3902}.AppStore|iPhone.ActiveCfg = Release|Any CPU
		{C118F2D3-5C77-4511-9C3D-681D41BD3902}.AppStore|iPhone.Build.0 = Release|Any CPU
		{C118F2D3-5C77-4511-9C3D-681D41BD3902}.AppStore|iPhone.Deploy.0 = Release|Any CPU
		{C118F2D3-5C77-4511-9C3D-681D41BD3902}.AppStore|iPhoneSimulator.ActiveCfg = Release|Any CPU
		{C118F2D3-5C77-4511-9C3D-681D41BD3902}.AppStore|iPhoneSimulator.Build.0 = Release|Any CPU
		{C118F2D3-5C77-4511-9C3D-681D41BD3902}.AppStore|iPhoneSimulator.Deploy.0 = Release|Any CPU
		{C118F2D3-5C77-4511-9C3D-681D41BD3902}.AppStore|x64.ActiveCfg = Release|Any CPU
		{C118F2D3-5C77-4511-9C3D-681D41BD3902}.AppStore|x64.Build.0 = Release|Any CPU
		{C118F2D3-5C77-4511-9C3D-681D41BD3902}.AppStore|x64.Deploy.0 = Release|Any CPU
		{C118F2D3-5C77-4511-9C3D-681D41BD3902}.AppStore|x86.ActiveCfg = Release|Any CPU
		{C118F2D3-5C77-4511-9C3D-681D41BD3902}.AppStore|x86.Build.0 = Release|Any CPU
		{C118F2D3-5C77-4511-9C3D-681D41BD3902}.AppStore|x86.Deploy.0 = Release|Any CPU
		{C118F2D3-5C77-4511-9C3D-681D41BD3902}.Debug|Any CPU.ActiveCfg = Debug|Any CPU
		{C118F2D3-5C77-4511-9C3D-681D41BD3902}.Debug|Any CPU.Build.0 = Debug|Any CPU
		{C118F2D3-5C77-4511-9C3D-681D41BD3902}.Debug|Any CPU.Deploy.0 = Debug|Any CPU
		{C118F2D3-5C77-4511-9C3D-681D41BD3902}.Debug|ARM.ActiveCfg = Debug|Any CPU
		{C118F2D3-5C77-4511-9C3D-681D41BD3902}.Debug|ARM.Build.0 = Debug|Any CPU
		{C118F2D3-5C77-4511-9C3D-681D41BD3902}.Debug|ARM.Deploy.0 = Debug|Any CPU
		{C118F2D3-5C77-4511-9C3D-681D41BD3902}.Debug|iPhone.ActiveCfg = Debug|Any CPU
		{C118F2D3-5C77-4511-9C3D-681D41BD3902}.Debug|iPhone.Build.0 = Debug|Any CPU
		{C118F2D3-5C77-4511-9C3D-681D41BD3902}.Debug|iPhone.Deploy.0 = Debug|Any CPU
		{C118F2D3-5C77-4511-9C3D-681D41BD3902}.Debug|iPhoneSimulator.ActiveCfg = Debug|Any CPU
		{C118F2D3-5C77-4511-9C3D-681D41BD3902}.Debug|iPhoneSimulator.Build.0 = Debug|Any CPU
		{C118F2D3-5C77-4511-9C3D-681D41BD3902}.Debug|iPhoneSimulator.Deploy.0 = Debug|Any CPU
		{C118F2D3-5C77-4511-9C3D-681D41BD3902}.Debug|x64.ActiveCfg = Debug|Any CPU
		{C118F2D3-5C77-4511-9C3D-681D41BD3902}.Debug|x64.Build.0 = Debug|Any CPU
		{C118F2D3-5C77-4511-9C3D-681D41BD3902}.Debug|x64.Deploy.0 = Debug|Any CPU
		{C118F2D3-5C77-4511-9C3D-681D41BD3902}.Debug|x86.ActiveCfg = Debug|Any CPU
		{C118F2D3-5C77-4511-9C3D-681D41BD3902}.Debug|x86.Build.0 = Debug|Any CPU
		{C118F2D3-5C77-4511-9C3D-681D41BD3902}.Debug|x86.Deploy.0 = Debug|Any CPU
		{C118F2D3-5C77-4511-9C3D-681D41BD3902}.Release|Any CPU.ActiveCfg = Release|Any CPU
		{C118F2D3-5C77-4511-9C3D-681D41BD3902}.Release|Any CPU.Build.0 = Release|Any CPU
		{C118F2D3-5C77-4511-9C3D-681D41BD3902}.Release|Any CPU.Deploy.0 = Release|Any CPU
		{C118F2D3-5C77-4511-9C3D-681D41BD3902}.Release|ARM.ActiveCfg = Release|Any CPU
		{C118F2D3-5C77-4511-9C3D-681D41BD3902}.Release|ARM.Build.0 = Release|Any CPU
		{C118F2D3-5C77-4511-9C3D-681D41BD3902}.Release|ARM.Deploy.0 = Release|Any CPU
		{C118F2D3-5C77-4511-9C3D-681D41BD3902}.Release|iPhone.ActiveCfg = Release|Any CPU
		{C118F2D3-5C77-4511-9C3D-681D41BD3902}.Release|iPhone.Build.0 = Release|Any CPU
		{C118F2D3-5C77-4511-9C3D-681D41BD3902}.Release|iPhone.Deploy.0 = Release|Any CPU
		{C118F2D3-5C77-4511-9C3D-681D41BD3902}.Release|iPhoneSimulator.ActiveCfg = Release|Any CPU
		{C118F2D3-5C77-4511-9C3D-681D41BD3902}.Release|iPhoneSimulator.Build.0 = Release|Any CPU
		{C118F2D3-5C77-4511-9C3D-681D41BD3902}.Release|iPhoneSimulator.Deploy.0 = Release|Any CPU
		{C118F2D3-5C77-4511-9C3D-681D41BD3902}.Release|x64.ActiveCfg = Release|Any CPU
		{C118F2D3-5C77-4511-9C3D-681D41BD3902}.Release|x64.Build.0 = Release|Any CPU
		{C118F2D3-5C77-4511-9C3D-681D41BD3902}.Release|x64.Deploy.0 = Release|Any CPU
		{C118F2D3-5C77-4511-9C3D-681D41BD3902}.Release|x86.ActiveCfg = Release|Any CPU
		{C118F2D3-5C77-4511-9C3D-681D41BD3902}.Release|x86.Build.0 = Release|Any CPU
		{C118F2D3-5C77-4511-9C3D-681D41BD3902}.Release|x86.Deploy.0 = Release|Any CPU
		{B8CB8E2F-066D-492A-9907-58A67BEB8460}.Ad-Hoc|Any CPU.ActiveCfg = Ad-Hoc|iPhone
		{B8CB8E2F-066D-492A-9907-58A67BEB8460}.Ad-Hoc|Any CPU.Build.0 = Ad-Hoc|iPhone
		{B8CB8E2F-066D-492A-9907-58A67BEB8460}.Ad-Hoc|Any CPU.Deploy.0 = Ad-Hoc|iPhone
		{B8CB8E2F-066D-492A-9907-58A67BEB8460}.Ad-Hoc|ARM.ActiveCfg = Ad-Hoc|iPhone
		{B8CB8E2F-066D-492A-9907-58A67BEB8460}.Ad-Hoc|ARM.Build.0 = Ad-Hoc|iPhone
		{B8CB8E2F-066D-492A-9907-58A67BEB8460}.Ad-Hoc|ARM.Deploy.0 = Ad-Hoc|iPhone
		{B8CB8E2F-066D-492A-9907-58A67BEB8460}.Ad-Hoc|iPhone.ActiveCfg = Ad-Hoc|iPhone
		{B8CB8E2F-066D-492A-9907-58A67BEB8460}.Ad-Hoc|iPhone.Build.0 = Ad-Hoc|iPhone
		{B8CB8E2F-066D-492A-9907-58A67BEB8460}.Ad-Hoc|iPhone.Deploy.0 = Ad-Hoc|iPhone
		{B8CB8E2F-066D-492A-9907-58A67BEB8460}.Ad-Hoc|iPhoneSimulator.ActiveCfg = Ad-Hoc|iPhoneSimulator
		{B8CB8E2F-066D-492A-9907-58A67BEB8460}.Ad-Hoc|iPhoneSimulator.Build.0 = Ad-Hoc|iPhoneSimulator
		{B8CB8E2F-066D-492A-9907-58A67BEB8460}.Ad-Hoc|iPhoneSimulator.Deploy.0 = Ad-Hoc|iPhoneSimulator
		{B8CB8E2F-066D-492A-9907-58A67BEB8460}.Ad-Hoc|x64.ActiveCfg = Ad-Hoc|iPhone
		{B8CB8E2F-066D-492A-9907-58A67BEB8460}.Ad-Hoc|x64.Build.0 = Ad-Hoc|iPhone
		{B8CB8E2F-066D-492A-9907-58A67BEB8460}.Ad-Hoc|x64.Deploy.0 = Ad-Hoc|iPhone
		{B8CB8E2F-066D-492A-9907-58A67BEB8460}.Ad-Hoc|x86.ActiveCfg = Ad-Hoc|iPhone
		{B8CB8E2F-066D-492A-9907-58A67BEB8460}.Ad-Hoc|x86.Build.0 = Ad-Hoc|iPhone
		{B8CB8E2F-066D-492A-9907-58A67BEB8460}.Ad-Hoc|x86.Deploy.0 = Ad-Hoc|iPhone
		{B8CB8E2F-066D-492A-9907-58A67BEB8460}.AppStore|Any CPU.ActiveCfg = AppStore|iPhone
		{B8CB8E2F-066D-492A-9907-58A67BEB8460}.AppStore|Any CPU.Build.0 = AppStore|iPhone
		{B8CB8E2F-066D-492A-9907-58A67BEB8460}.AppStore|Any CPU.Deploy.0 = AppStore|iPhone
		{B8CB8E2F-066D-492A-9907-58A67BEB8460}.AppStore|ARM.ActiveCfg = AppStore|iPhone
		{B8CB8E2F-066D-492A-9907-58A67BEB8460}.AppStore|ARM.Build.0 = AppStore|iPhone
		{B8CB8E2F-066D-492A-9907-58A67BEB8460}.AppStore|ARM.Deploy.0 = AppStore|iPhone
		{B8CB8E2F-066D-492A-9907-58A67BEB8460}.AppStore|iPhone.ActiveCfg = AppStore|iPhone
		{B8CB8E2F-066D-492A-9907-58A67BEB8460}.AppStore|iPhone.Build.0 = AppStore|iPhone
		{B8CB8E2F-066D-492A-9907-58A67BEB8460}.AppStore|iPhone.Deploy.0 = AppStore|iPhone
		{B8CB8E2F-066D-492A-9907-58A67BEB8460}.AppStore|iPhoneSimulator.ActiveCfg = AppStore|iPhoneSimulator
		{B8CB8E2F-066D-492A-9907-58A67BEB8460}.AppStore|iPhoneSimulator.Build.0 = AppStore|iPhoneSimulator
		{B8CB8E2F-066D-492A-9907-58A67BEB8460}.AppStore|iPhoneSimulator.Deploy.0 = AppStore|iPhoneSimulator
		{B8CB8E2F-066D-492A-9907-58A67BEB8460}.AppStore|x64.ActiveCfg = AppStore|iPhone
		{B8CB8E2F-066D-492A-9907-58A67BEB8460}.AppStore|x64.Build.0 = AppStore|iPhone
		{B8CB8E2F-066D-492A-9907-58A67BEB8460}.AppStore|x64.Deploy.0 = AppStore|iPhone
		{B8CB8E2F-066D-492A-9907-58A67BEB8460}.AppStore|x86.ActiveCfg = AppStore|iPhone
		{B8CB8E2F-066D-492A-9907-58A67BEB8460}.AppStore|x86.Build.0 = AppStore|iPhone
		{B8CB8E2F-066D-492A-9907-58A67BEB8460}.AppStore|x86.Deploy.0 = AppStore|iPhone
		{B8CB8E2F-066D-492A-9907-58A67BEB8460}.Debug|Any CPU.ActiveCfg = Debug|iPhoneSimulator
		{B8CB8E2F-066D-492A-9907-58A67BEB8460}.Debug|Any CPU.Build.0 = Debug|iPhoneSimulator
		{B8CB8E2F-066D-492A-9907-58A67BEB8460}.Debug|Any CPU.Deploy.0 = Debug|iPhoneSimulator
		{B8CB8E2F-066D-492A-9907-58A67BEB8460}.Debug|ARM.ActiveCfg = Debug|iPhone
		{B8CB8E2F-066D-492A-9907-58A67BEB8460}.Debug|ARM.Build.0 = Debug|iPhone
		{B8CB8E2F-066D-492A-9907-58A67BEB8460}.Debug|ARM.Deploy.0 = Debug|iPhone
		{B8CB8E2F-066D-492A-9907-58A67BEB8460}.Debug|iPhone.ActiveCfg = Debug|iPhone
		{B8CB8E2F-066D-492A-9907-58A67BEB8460}.Debug|iPhone.Build.0 = Debug|iPhone
		{B8CB8E2F-066D-492A-9907-58A67BEB8460}.Debug|iPhone.Deploy.0 = Debug|iPhone
		{B8CB8E2F-066D-492A-9907-58A67BEB8460}.Debug|iPhoneSimulator.ActiveCfg = Debug|iPhoneSimulator
		{B8CB8E2F-066D-492A-9907-58A67BEB8460}.Debug|iPhoneSimulator.Build.0 = Debug|iPhoneSimulator
		{B8CB8E2F-066D-492A-9907-58A67BEB8460}.Debug|iPhoneSimulator.Deploy.0 = Debug|iPhoneSimulator
		{B8CB8E2F-066D-492A-9907-58A67BEB8460}.Debug|x64.ActiveCfg = Debug|iPhone
		{B8CB8E2F-066D-492A-9907-58A67BEB8460}.Debug|x64.Build.0 = Debug|iPhone
		{B8CB8E2F-066D-492A-9907-58A67BEB8460}.Debug|x64.Deploy.0 = Debug|iPhone
		{B8CB8E2F-066D-492A-9907-58A67BEB8460}.Debug|x86.ActiveCfg = Debug|iPhone
		{B8CB8E2F-066D-492A-9907-58A67BEB8460}.Debug|x86.Build.0 = Debug|iPhone
		{B8CB8E2F-066D-492A-9907-58A67BEB8460}.Debug|x86.Deploy.0 = Debug|iPhone
		{B8CB8E2F-066D-492A-9907-58A67BEB8460}.Release|Any CPU.ActiveCfg = Release|iPhone
		{B8CB8E2F-066D-492A-9907-58A67BEB8460}.Release|Any CPU.Build.0 = Release|iPhone
		{B8CB8E2F-066D-492A-9907-58A67BEB8460}.Release|Any CPU.Deploy.0 = Release|iPhone
		{B8CB8E2F-066D-492A-9907-58A67BEB8460}.Release|ARM.ActiveCfg = Release|iPhone
		{B8CB8E2F-066D-492A-9907-58A67BEB8460}.Release|ARM.Build.0 = Release|iPhone
		{B8CB8E2F-066D-492A-9907-58A67BEB8460}.Release|ARM.Deploy.0 = Release|iPhone
		{B8CB8E2F-066D-492A-9907-58A67BEB8460}.Release|iPhone.ActiveCfg = Release|iPhone
		{B8CB8E2F-066D-492A-9907-58A67BEB8460}.Release|iPhone.Build.0 = Release|iPhone
		{B8CB8E2F-066D-492A-9907-58A67BEB8460}.Release|iPhone.Deploy.0 = Release|iPhone
		{B8CB8E2F-066D-492A-9907-58A67BEB8460}.Release|iPhoneSimulator.ActiveCfg = Release|iPhoneSimulator
		{B8CB8E2F-066D-492A-9907-58A67BEB8460}.Release|iPhoneSimulator.Build.0 = Release|iPhoneSimulator
		{B8CB8E2F-066D-492A-9907-58A67BEB8460}.Release|iPhoneSimulator.Deploy.0 = Release|iPhoneSimulator
		{B8CB8E2F-066D-492A-9907-58A67BEB8460}.Release|x64.ActiveCfg = Release|iPhone
		{B8CB8E2F-066D-492A-9907-58A67BEB8460}.Release|x64.Build.0 = Release|iPhone
		{B8CB8E2F-066D-492A-9907-58A67BEB8460}.Release|x64.Deploy.0 = Release|iPhone
		{B8CB8E2F-066D-492A-9907-58A67BEB8460}.Release|x86.ActiveCfg = Release|iPhone
		{B8CB8E2F-066D-492A-9907-58A67BEB8460}.Release|x86.Build.0 = Release|iPhone
		{B8CB8E2F-066D-492A-9907-58A67BEB8460}.Release|x86.Deploy.0 = Release|iPhone
		{A46291FA-2B64-4012-86C4-073E3B893699}.Ad-Hoc|Any CPU.ActiveCfg = Release|x86
		{A46291FA-2B64-4012-86C4-073E3B893699}.Ad-Hoc|Any CPU.Build.0 = Release|x86
		{A46291FA-2B64-4012-86C4-073E3B893699}.Ad-Hoc|Any CPU.Deploy.0 = Release|x86
		{A46291FA-2B64-4012-86C4-073E3B893699}.Ad-Hoc|ARM.ActiveCfg = Release|ARM
		{A46291FA-2B64-4012-86C4-073E3B893699}.Ad-Hoc|ARM.Build.0 = Release|ARM
		{A46291FA-2B64-4012-86C4-073E3B893699}.Ad-Hoc|ARM.Deploy.0 = Release|ARM
		{A46291FA-2B64-4012-86C4-073E3B893699}.Ad-Hoc|iPhone.ActiveCfg = Release|x86
		{A46291FA-2B64-4012-86C4-073E3B893699}.Ad-Hoc|iPhone.Build.0 = Release|x86
		{A46291FA-2B64-4012-86C4-073E3B893699}.Ad-Hoc|iPhone.Deploy.0 = Release|x86
		{A46291FA-2B64-4012-86C4-073E3B893699}.Ad-Hoc|iPhoneSimulator.ActiveCfg = Release|x86
		{A46291FA-2B64-4012-86C4-073E3B893699}.Ad-Hoc|iPhoneSimulator.Build.0 = Release|x86
		{A46291FA-2B64-4012-86C4-073E3B893699}.Ad-Hoc|iPhoneSimulator.Deploy.0 = Release|x86
		{A46291FA-2B64-4012-86C4-073E3B893699}.Ad-Hoc|x64.ActiveCfg = Release|x64
		{A46291FA-2B64-4012-86C4-073E3B893699}.Ad-Hoc|x64.Build.0 = Release|x64
		{A46291FA-2B64-4012-86C4-073E3B893699}.Ad-Hoc|x64.Deploy.0 = Release|x64
		{A46291FA-2B64-4012-86C4-073E3B893699}.Ad-Hoc|x86.ActiveCfg = Release|x86
		{A46291FA-2B64-4012-86C4-073E3B893699}.Ad-Hoc|x86.Build.0 = Release|x86
		{A46291FA-2B64-4012-86C4-073E3B893699}.Ad-Hoc|x86.Deploy.0 = Release|x86
		{A46291FA-2B64-4012-86C4-073E3B893699}.AppStore|Any CPU.ActiveCfg = Release|x86
		{A46291FA-2B64-4012-86C4-073E3B893699}.AppStore|Any CPU.Build.0 = Release|x86
		{A46291FA-2B64-4012-86C4-073E3B893699}.AppStore|Any CPU.Deploy.0 = Release|x86
		{A46291FA-2B64-4012-86C4-073E3B893699}.AppStore|ARM.ActiveCfg = Release|ARM
		{A46291FA-2B64-4012-86C4-073E3B893699}.AppStore|ARM.Build.0 = Release|ARM
		{A46291FA-2B64-4012-86C4-073E3B893699}.AppStore|ARM.Deploy.0 = Release|ARM
		{A46291FA-2B64-4012-86C4-073E3B893699}.AppStore|iPhone.ActiveCfg = Release|x86
		{A46291FA-2B64-4012-86C4-073E3B893699}.AppStore|iPhone.Build.0 = Release|x86
		{A46291FA-2B64-4012-86C4-073E3B893699}.AppStore|iPhone.Deploy.0 = Release|x86
		{A46291FA-2B64-4012-86C4-073E3B893699}.AppStore|iPhoneSimulator.ActiveCfg = Release|x86
		{A46291FA-2B64-4012-86C4-073E3B893699}.AppStore|iPhoneSimulator.Build.0 = Release|x86
		{A46291FA-2B64-4012-86C4-073E3B893699}.AppStore|iPhoneSimulator.Deploy.0 = Release|x86
		{A46291FA-2B64-4012-86C4-073E3B893699}.AppStore|x64.ActiveCfg = Release|x64
		{A46291FA-2B64-4012-86C4-073E3B893699}.AppStore|x64.Build.0 = Release|x64
		{A46291FA-2B64-4012-86C4-073E3B893699}.AppStore|x64.Deploy.0 = Release|x64
		{A46291FA-2B64-4012-86C4-073E3B893699}.AppStore|x86.ActiveCfg = Release|x86
		{A46291FA-2B64-4012-86C4-073E3B893699}.AppStore|x86.Build.0 = Release|x86
		{A46291FA-2B64-4012-86C4-073E3B893699}.AppStore|x86.Deploy.0 = Release|x86
		{A46291FA-2B64-4012-86C4-073E3B893699}.Debug|Any CPU.ActiveCfg = Debug|x86
		{A46291FA-2B64-4012-86C4-073E3B893699}.Debug|Any CPU.Build.0 = Debug|x86
		{A46291FA-2B64-4012-86C4-073E3B893699}.Debug|Any CPU.Deploy.0 = Debug|x86
		{A46291FA-2B64-4012-86C4-073E3B893699}.Debug|ARM.ActiveCfg = Debug|ARM
		{A46291FA-2B64-4012-86C4-073E3B893699}.Debug|ARM.Build.0 = Debug|ARM
		{A46291FA-2B64-4012-86C4-073E3B893699}.Debug|ARM.Deploy.0 = Debug|ARM
		{A46291FA-2B64-4012-86C4-073E3B893699}.Debug|iPhone.ActiveCfg = Debug|x86
		{A46291FA-2B64-4012-86C4-073E3B893699}.Debug|iPhone.Build.0 = Debug|x86
		{A46291FA-2B64-4012-86C4-073E3B893699}.Debug|iPhone.Deploy.0 = Debug|x86
		{A46291FA-2B64-4012-86C4-073E3B893699}.Debug|iPhoneSimulator.ActiveCfg = Debug|x86
		{A46291FA-2B64-4012-86C4-073E3B893699}.Debug|iPhoneSimulator.Build.0 = Debug|x86
		{A46291FA-2B64-4012-86C4-073E3B893699}.Debug|iPhoneSimulator.Deploy.0 = Debug|x86
		{A46291FA-2B64-4012-86C4-073E3B893699}.Debug|x64.ActiveCfg = Debug|x64
		{A46291FA-2B64-4012-86C4-073E3B893699}.Debug|x64.Build.0 = Debug|x64
		{A46291FA-2B64-4012-86C4-073E3B893699}.Debug|x64.Deploy.0 = Debug|x64
		{A46291FA-2B64-4012-86C4-073E3B893699}.Debug|x86.ActiveCfg = Debug|x86
		{A46291FA-2B64-4012-86C4-073E3B893699}.Debug|x86.Build.0 = Debug|x86
		{A46291FA-2B64-4012-86C4-073E3B893699}.Debug|x86.Deploy.0 = Debug|x86
		{A46291FA-2B64-4012-86C4-073E3B893699}.Release|Any CPU.ActiveCfg = Release|x86
		{A46291FA-2B64-4012-86C4-073E3B893699}.Release|Any CPU.Build.0 = Release|x86
		{A46291FA-2B64-4012-86C4-073E3B893699}.Release|Any CPU.Deploy.0 = Release|x86
		{A46291FA-2B64-4012-86C4-073E3B893699}.Release|ARM.ActiveCfg = Release|ARM
		{A46291FA-2B64-4012-86C4-073E3B893699}.Release|ARM.Build.0 = Release|ARM
		{A46291FA-2B64-4012-86C4-073E3B893699}.Release|ARM.Deploy.0 = Release|ARM
		{A46291FA-2B64-4012-86C4-073E3B893699}.Release|iPhone.ActiveCfg = Release|x86
		{A46291FA-2B64-4012-86C4-073E3B893699}.Release|iPhone.Build.0 = Release|x86
		{A46291FA-2B64-4012-86C4-073E3B893699}.Release|iPhone.Deploy.0 = Release|x86
		{A46291FA-2B64-4012-86C4-073E3B893699}.Release|iPhoneSimulator.ActiveCfg = Release|x86
		{A46291FA-2B64-4012-86C4-073E3B893699}.Release|iPhoneSimulator.Build.0 = Release|x86
		{A46291FA-2B64-4012-86C4-073E3B893699}.Release|iPhoneSimulator.Deploy.0 = Release|x86
		{A46291FA-2B64-4012-86C4-073E3B893699}.Release|x64.ActiveCfg = Release|x64
		{A46291FA-2B64-4012-86C4-073E3B893699}.Release|x64.Build.0 = Release|x64
		{A46291FA-2B64-4012-86C4-073E3B893699}.Release|x64.Deploy.0 = Release|x64
		{A46291FA-2B64-4012-86C4-073E3B893699}.Release|x86.ActiveCfg = Release|x86
		{A46291FA-2B64-4012-86C4-073E3B893699}.Release|x86.Build.0 = Release|x86
		{A46291FA-2B64-4012-86C4-073E3B893699}.Release|x86.Deploy.0 = Release|x86
		{4CB15645-9917-44BC-BFAE-AC0480CDAEF1}.Ad-Hoc|Any CPU.ActiveCfg = Debug|Any CPU
		{4CB15645-9917-44BC-BFAE-AC0480CDAEF1}.Ad-Hoc|Any CPU.Build.0 = Debug|Any CPU
		{4CB15645-9917-44BC-BFAE-AC0480CDAEF1}.Ad-Hoc|Any CPU.Deploy.0 = Debug|Any CPU
		{4CB15645-9917-44BC-BFAE-AC0480CDAEF1}.Ad-Hoc|ARM.ActiveCfg = Debug|Any CPU
		{4CB15645-9917-44BC-BFAE-AC0480CDAEF1}.Ad-Hoc|ARM.Build.0 = Debug|Any CPU
		{4CB15645-9917-44BC-BFAE-AC0480CDAEF1}.Ad-Hoc|ARM.Deploy.0 = Debug|Any CPU
		{4CB15645-9917-44BC-BFAE-AC0480CDAEF1}.Ad-Hoc|iPhone.ActiveCfg = Debug|Any CPU
		{4CB15645-9917-44BC-BFAE-AC0480CDAEF1}.Ad-Hoc|iPhone.Build.0 = Debug|Any CPU
		{4CB15645-9917-44BC-BFAE-AC0480CDAEF1}.Ad-Hoc|iPhone.Deploy.0 = Debug|Any CPU
		{4CB15645-9917-44BC-BFAE-AC0480CDAEF1}.Ad-Hoc|iPhoneSimulator.ActiveCfg = Debug|Any CPU
		{4CB15645-9917-44BC-BFAE-AC0480CDAEF1}.Ad-Hoc|iPhoneSimulator.Build.0 = Debug|Any CPU
		{4CB15645-9917-44BC-BFAE-AC0480CDAEF1}.Ad-Hoc|iPhoneSimulator.Deploy.0 = Debug|Any CPU
		{4CB15645-9917-44BC-BFAE-AC0480CDAEF1}.Ad-Hoc|x64.ActiveCfg = Debug|Any CPU
		{4CB15645-9917-44BC-BFAE-AC0480CDAEF1}.Ad-Hoc|x64.Build.0 = Debug|Any CPU
		{4CB15645-9917-44BC-BFAE-AC0480CDAEF1}.Ad-Hoc|x64.Deploy.0 = Debug|Any CPU
		{4CB15645-9917-44BC-BFAE-AC0480CDAEF1}.Ad-Hoc|x86.ActiveCfg = Debug|Any CPU
		{4CB15645-9917-44BC-BFAE-AC0480CDAEF1}.Ad-Hoc|x86.Build.0 = Debug|Any CPU
		{4CB15645-9917-44BC-BFAE-AC0480CDAEF1}.Ad-Hoc|x86.Deploy.0 = Debug|Any CPU
		{4CB15645-9917-44BC-BFAE-AC0480CDAEF1}.AppStore|Any CPU.ActiveCfg = Debug|Any CPU
		{4CB15645-9917-44BC-BFAE-AC0480CDAEF1}.AppStore|Any CPU.Build.0 = Debug|Any CPU
		{4CB15645-9917-44BC-BFAE-AC0480CDAEF1}.AppStore|Any CPU.Deploy.0 = Debug|Any CPU
		{4CB15645-9917-44BC-BFAE-AC0480CDAEF1}.AppStore|ARM.ActiveCfg = Debug|Any CPU
		{4CB15645-9917-44BC-BFAE-AC0480CDAEF1}.AppStore|ARM.Build.0 = Debug|Any CPU
		{4CB15645-9917-44BC-BFAE-AC0480CDAEF1}.AppStore|ARM.Deploy.0 = Debug|Any CPU
		{4CB15645-9917-44BC-BFAE-AC0480CDAEF1}.AppStore|iPhone.ActiveCfg = Debug|Any CPU
		{4CB15645-9917-44BC-BFAE-AC0480CDAEF1}.AppStore|iPhone.Build.0 = Debug|Any CPU
		{4CB15645-9917-44BC-BFAE-AC0480CDAEF1}.AppStore|iPhone.Deploy.0 = Debug|Any CPU
		{4CB15645-9917-44BC-BFAE-AC0480CDAEF1}.AppStore|iPhoneSimulator.ActiveCfg = Debug|Any CPU
		{4CB15645-9917-44BC-BFAE-AC0480CDAEF1}.AppStore|iPhoneSimulator.Build.0 = Debug|Any CPU
		{4CB15645-9917-44BC-BFAE-AC0480CDAEF1}.AppStore|iPhoneSimulator.Deploy.0 = Debug|Any CPU
		{4CB15645-9917-44BC-BFAE-AC0480CDAEF1}.AppStore|x64.ActiveCfg = Debug|Any CPU
		{4CB15645-9917-44BC-BFAE-AC0480CDAEF1}.AppStore|x64.Build.0 = Debug|Any CPU
		{4CB15645-9917-44BC-BFAE-AC0480CDAEF1}.AppStore|x64.Deploy.0 = Debug|Any CPU
		{4CB15645-9917-44BC-BFAE-AC0480CDAEF1}.AppStore|x86.ActiveCfg = Debug|Any CPU
		{4CB15645-9917-44BC-BFAE-AC0480CDAEF1}.AppStore|x86.Build.0 = Debug|Any CPU
		{4CB15645-9917-44BC-BFAE-AC0480CDAEF1}.AppStore|x86.Deploy.0 = Debug|Any CPU
		{4CB15645-9917-44BC-BFAE-AC0480CDAEF1}.Debug|Any CPU.ActiveCfg = Debug|Any CPU
		{4CB15645-9917-44BC-BFAE-AC0480CDAEF1}.Debug|Any CPU.Build.0 = Debug|Any CPU
		{4CB15645-9917-44BC-BFAE-AC0480CDAEF1}.Debug|Any CPU.Deploy.0 = Debug|Any CPU
		{4CB15645-9917-44BC-BFAE-AC0480CDAEF1}.Debug|ARM.ActiveCfg = Debug|Any CPU
		{4CB15645-9917-44BC-BFAE-AC0480CDAEF1}.Debug|ARM.Build.0 = Debug|Any CPU
		{4CB15645-9917-44BC-BFAE-AC0480CDAEF1}.Debug|ARM.Deploy.0 = Debug|Any CPU
		{4CB15645-9917-44BC-BFAE-AC0480CDAEF1}.Debug|iPhone.ActiveCfg = Debug|Any CPU
		{4CB15645-9917-44BC-BFAE-AC0480CDAEF1}.Debug|iPhone.Build.0 = Debug|Any CPU
		{4CB15645-9917-44BC-BFAE-AC0480CDAEF1}.Debug|iPhone.Deploy.0 = Debug|Any CPU
		{4CB15645-9917-44BC-BFAE-AC0480CDAEF1}.Debug|iPhoneSimulator.ActiveCfg = Debug|Any CPU
		{4CB15645-9917-44BC-BFAE-AC0480CDAEF1}.Debug|iPhoneSimulator.Build.0 = Debug|Any CPU
		{4CB15645-9917-44BC-BFAE-AC0480CDAEF1}.Debug|iPhoneSimulator.Deploy.0 = Debug|Any CPU
		{4CB15645-9917-44BC-BFAE-AC0480CDAEF1}.Debug|x64.ActiveCfg = Debug|Any CPU
		{4CB15645-9917-44BC-BFAE-AC0480CDAEF1}.Debug|x64.Build.0 = Debug|Any CPU
		{4CB15645-9917-44BC-BFAE-AC0480CDAEF1}.Debug|x64.Deploy.0 = Debug|Any CPU
		{4CB15645-9917-44BC-BFAE-AC0480CDAEF1}.Debug|x86.ActiveCfg = Debug|Any CPU
		{4CB15645-9917-44BC-BFAE-AC0480CDAEF1}.Debug|x86.Build.0 = Debug|Any CPU
		{4CB15645-9917-44BC-BFAE-AC0480CDAEF1}.Debug|x86.Deploy.0 = Debug|Any CPU
		{4CB15645-9917-44BC-BFAE-AC0480CDAEF1}.Release|Any CPU.ActiveCfg = Release|Any CPU
		{4CB15645-9917-44BC-BFAE-AC0480CDAEF1}.Release|Any CPU.Build.0 = Release|Any CPU
		{4CB15645-9917-44BC-BFAE-AC0480CDAEF1}.Release|Any CPU.Deploy.0 = Release|Any CPU
		{4CB15645-9917-44BC-BFAE-AC0480CDAEF1}.Release|ARM.ActiveCfg = Release|Any CPU
		{4CB15645-9917-44BC-BFAE-AC0480CDAEF1}.Release|ARM.Build.0 = Release|Any CPU
		{4CB15645-9917-44BC-BFAE-AC0480CDAEF1}.Release|ARM.Deploy.0 = Release|Any CPU
		{4CB15645-9917-44BC-BFAE-AC0480CDAEF1}.Release|iPhone.ActiveCfg = Release|Any CPU
		{4CB15645-9917-44BC-BFAE-AC0480CDAEF1}.Release|iPhone.Build.0 = Release|Any CPU
		{4CB15645-9917-44BC-BFAE-AC0480CDAEF1}.Release|iPhone.Deploy.0 = Release|Any CPU
		{4CB15645-9917-44BC-BFAE-AC0480CDAEF1}.Release|iPhoneSimulator.ActiveCfg = Release|Any CPU
		{4CB15645-9917-44BC-BFAE-AC0480CDAEF1}.Release|iPhoneSimulator.Build.0 = Release|Any CPU
		{4CB15645-9917-44BC-BFAE-AC0480CDAEF1}.Release|iPhoneSimulator.Deploy.0 = Release|Any CPU
		{4CB15645-9917-44BC-BFAE-AC0480CDAEF1}.Release|x64.ActiveCfg = Release|Any CPU
		{4CB15645-9917-44BC-BFAE-AC0480CDAEF1}.Release|x64.Build.0 = Release|Any CPU
		{4CB15645-9917-44BC-BFAE-AC0480CDAEF1}.Release|x64.Deploy.0 = Release|Any CPU
		{4CB15645-9917-44BC-BFAE-AC0480CDAEF1}.Release|x86.ActiveCfg = Release|Any CPU
		{4CB15645-9917-44BC-BFAE-AC0480CDAEF1}.Release|x86.Build.0 = Release|Any CPU
		{4CB15645-9917-44BC-BFAE-AC0480CDAEF1}.Release|x86.Deploy.0 = Release|Any CPU
	EndGlobalSection
	GlobalSection(SolutionProperties) = preSolution
		HideSolutionNode = FALSE
	EndGlobalSection
	GlobalSection(ExtensibilityGlobals) = postSolution
		SolutionGuid = {043831BB-B57A-4474-B0B5-795064D78B16}
	EndGlobalSection
EndGlobal
