
Microsoft Visual Studio Solution File, Format Version 12.00
# Visual Studio Version 16
VisualStudioVersion = 16.0.29926.136
MinimumVisualStudioVersion = 10.0.40219.1
Project("{FAE04EC0-301F-11D3-BF4B-00C04F79EFBC}") = "Inwentaryzacja.Android", "Inwentaryzacja\Inwentaryzacja.Android\Inwentaryzacja.Android.csproj", "{D655958D-03B3-47D7-853E-5C104B2C1EC3}"
EndProject
Project("{9A19103F-16F7-4668-BE54-9A1E7A4F7556}") = "Inwentaryzacja", "Inwentaryzacja\Inwentaryzacja\Inwentaryzacja.csproj", "{C75793D8-D6E2-4B36-9B34-EFEFBCAA539F}"
EndProject
Global
	GlobalSection(SolutionConfigurationPlatforms) = preSolution
		Debug|Any CPU = Debug|Any CPU
		Release|Any CPU = Release|Any CPU
	EndGlobalSection
	GlobalSection(ProjectConfigurationPlatforms) = postSolution
		{D655958D-03B3-47D7-853E-5C104B2C1EC3}.Debug|Any CPU.ActiveCfg = Debug|Any CPU
		{D655958D-03B3-47D7-853E-5C104B2C1EC3}.Debug|Any CPU.Build.0 = Debug|Any CPU
		{D655958D-03B3-47D7-853E-5C104B2C1EC3}.Debug|Any CPU.Deploy.0 = Debug|Any CPU
		{D655958D-03B3-47D7-853E-5C104B2C1EC3}.Release|Any CPU.ActiveCfg = Release|Any CPU
		{D655958D-03B3-47D7-853E-5C104B2C1EC3}.Release|Any CPU.Build.0 = Release|Any CPU
		{D655958D-03B3-47D7-853E-5C104B2C1EC3}.Release|Any CPU.Deploy.0 = Release|Any CPU
		{C75793D8-D6E2-4B36-9B34-EFEFBCAA539F}.Debug|Any CPU.ActiveCfg = Debug|Any CPU
		{C75793D8-D6E2-4B36-9B34-EFEFBCAA539F}.Debug|Any CPU.Build.0 = Debug|Any CPU
		{C75793D8-D6E2-4B36-9B34-EFEFBCAA539F}.Debug|Any CPU.Deploy.0 = Debug|Any CPU
		{C75793D8-D6E2-4B36-9B34-EFEFBCAA539F}.Release|Any CPU.ActiveCfg = Release|Any CPU
		{C75793D8-D6E2-4B36-9B34-EFEFBCAA539F}.Release|Any CPU.Build.0 = Release|Any CPU
		{C75793D8-D6E2-4B36-9B34-EFEFBCAA539F}.Release|Any CPU.Deploy.0 = Release|Any CPU
	EndGlobalSection
	GlobalSection(SolutionProperties) = preSolution
		HideSolutionNode = FALSE
	EndGlobalSection
	GlobalSection(ExtensibilityGlobals) = postSolution
		SolutionGuid = {3B38DF61-B279-4DAD-B9F1-9F4580E3769D}
	EndGlobalSection
EndGlobal
